// !$*UTF8*$!
{
	archiveVersion = 1;
	classes = {
	};
	objectVersion = 77;
	objects = {

/* Begin PBXContainerItemProxy section */
		CBE9126D2DD93DE1001F511B /* PBXContainerItemProxy */ = {
			isa = PBXContainerItemProxy;
			containerPortal = CBE912522DD93DE0001F511B /* Project object */;
			proxyType = 1;
			remoteGlobalIDString = CBE912592DD93DE0001F511B;
			remoteInfo = MuscleCheck;
		};
		CBE912772DD93DE1001F511B /* PBXContainerItemProxy */ = {
			isa = PBXContainerItemProxy;
			containerPortal = CBE912522DD93DE0001F511B /* Project object */;
			proxyType = 1;
			remoteGlobalIDString = CBE912592DD93DE0001F511B;
			remoteInfo = MuscleCheck;
		};
/* End PBXContainerItemProxy section */

/* Begin PBXFileReference section */
		CBE9125A2DD93DE0001F511B /* MuscleCheck.app */ = {isa = PBXFileReference; explicitFileType = wrapper.application; includeInIndex = 0; path = MuscleCheck.app; sourceTree = BUILT_PRODUCTS_DIR; };
		CBE9126C2DD93DE1001F511B /* MuscleCheckTests.xctest */ = {isa = PBXFileReference; explicitFileType = wrapper.cfbundle; includeInIndex = 0; path = MuscleCheckTests.xctest; sourceTree = BUILT_PRODUCTS_DIR; };
		CBE912762DD93DE1001F511B /* MuscleCheckUITests.xctest */ = {isa = PBXFileReference; explicitFileType = wrapper.cfbundle; includeInIndex = 0; path = MuscleCheckUITests.xctest; sourceTree = BUILT_PRODUCTS_DIR; };
/* End PBXFileReference section */

/* Begin PBXFileSystemSynchronizedRootGroup section */
		CBE9125C2DD93DE0001F511B /* MuscleCheck */ = {
			isa = PBXFileSystemSynchronizedRootGroup;
			path = MuscleCheck;
			sourceTree = "<group>";
		};
		CBE9126F2DD93DE1001F511B /* MuscleCheckTests */ = {
			isa = PBXFileSystemSynchronizedRootGroup;
			path = MuscleCheckTests;
			sourceTree = "<group>";
		};
		CBE912792DD93DE1001F511B /* MuscleCheckUITests */ = {
			isa = PBXFileSystemSynchronizedRootGroup;
			path = MuscleCheckUITests;
			sourceTree = "<group>";
		};
/* End PBXFileSystemSynchronizedRootGroup section */

/* Begin PBXFrameworksBuildPhase section */
		CBE912572DD93DE0001F511B /* Frameworks */ = {
			isa = PBXFrameworksBuildPhase;
			buildActionMask = 2147483647;
			files = (
			);
			runOnlyForDeploymentPostprocessing = 0;
		};
		CBE912692DD93DE1001F511B /* Frameworks */ = {
			isa = PBXFrameworksBuildPhase;
			buildActionMask = 2147483647;
			files = (
			);
			runOnlyForDeploymentPostprocessing = 0;
		};
		CBE912732DD93DE1001F511B /* Frameworks */ = {
			isa = PBXFrameworksBuildPhase;
			buildActionMask = 2147483647;
			files = (
			);
			runOnlyForDeploymentPostprocessing = 0;
		};
/* End PBXFrameworksBuildPhase section */

/* Begin PBXGroup section */
		CBE912512DD93DE0001F511B = {
			isa = PBXGroup;
			children = (
				CBE9125C2DD93DE0001F511B /* MuscleCheck */,
				CBE9126F2DD93DE1001F511B /* MuscleCheckTests */,
				CBE912792DD93DE1001F511B /* MuscleCheckUITests */,
				CBE9125B2DD93DE0001F511B /* Products */,
			);
			sourceTree = "<group>";
		};
		CBE9125B2DD93DE0001F511B /* Products */ = {
			isa = PBXGroup;
			children = (
				CBE9125A2DD93DE0001F511B /* MuscleCheck.app */,
				CBE9126C2DD93DE1001F511B /* MuscleCheckTests.xctest */,
				CBE912762DD93DE1001F511B /* MuscleCheckUITests.xctest */,
			);
			name = Products;
			sourceTree = "<group>";
		};
/* End PBXGroup section */

/* Begin PBXNativeTarget section */
		CBE912592DD93DE0001F511B /* MuscleCheck */ = {
			isa = PBXNativeTarget;
			buildConfigurationList = CBE912802DD93DE1001F511B /* Build configuration list for PBXNativeTarget "MuscleCheck" */;
			buildPhases = (
				CBE912562DD93DE0001F511B /* Sources */,
				CBE912572DD93DE0001F511B /* Frameworks */,
				CBE912582DD93DE0001F511B /* Resources */,
			);
			buildRules = (
			);
			dependencies = (
			);
			fileSystemSynchronizedGroups = (
				CBE9125C2DD93DE0001F511B /* MuscleCheck */,
			);
			name = MuscleCheck;
			packageProductDependencies = (
			);
			productName = MuscleCheck;
			productReference = CBE9125A2DD93DE0001F511B /* MuscleCheck.app */;
			productType = "com.apple.product-type.application";
		};
		CBE9126B2DD93DE1001F511B /* MuscleCheckTests */ = {
			isa = PBXNativeTarget;
			buildConfigurationList = CBE912832DD93DE1001F511B /* Build configuration list for PBXNativeTarget "MuscleCheckTests" */;
			buildPhases = (
				CBE912682DD93DE1001F511B /* Sources */,
				CBE912692DD93DE1001F511B /* Frameworks */,
				CBE9126A2DD93DE1001F511B /* Resources */,
			);
			buildRules = (
			);
			dependencies = (
				CBE9126E2DD93DE1001F511B /* PBXTargetDependency */,
			);
			fileSystemSynchronizedGroups = (
				CBE9126F2DD93DE1001F511B /* MuscleCheckTests */,
			);
			name = MuscleCheckTests;
			packageProductDependencies = (
			);
			productName = MuscleCheckTests;
			productReference = CBE9126C2DD93DE1001F511B /* MuscleCheckTests.xctest */;
			productType = "com.apple.product-type.bundle.unit-test";
		};
		CBE912752DD93DE1001F511B /* MuscleCheckUITests */ = {
			isa = PBXNativeTarget;
			buildConfigurationList = CBE912862DD93DE1001F511B /* Build configuration list for PBXNativeTarget "MuscleCheckUITests" */;
			buildPhases = (
				CBE912722DD93DE1001F511B /* Sources */,
				CBE912732DD93DE1001F511B /* Frameworks */,
				CBE912742DD93DE1001F511B /* Resources */,
			);
			buildRules = (
			);
			dependencies = (
				CBE912782DD93DE1001F511B /* PBXTargetDependency */,
			);
			fileSystemSynchronizedGroups = (
				CBE912792DD93DE1001F511B /* MuscleCheckUITests */,
			);
			name = MuscleCheckUITests;
			packageProductDependencies = (
			);
			productName = MuscleCheckUITests;
			productReference = CBE912762DD93DE1001F511B /* MuscleCheckUITests.xctest */;
			productType = "com.apple.product-type.bundle.ui-testing";
		};
/* End PBXNativeTarget section */

/* Begin PBXProject section */
		CBE912522DD93DE0001F511B /* Project object */ = {
			isa = PBXProject;
			attributes = {
				BuildIndependentTargetsInParallel = 1;
				LastSwiftUpdateCheck = 1610;
				LastUpgradeCheck = 1610;
				TargetAttributes = {
					CBE912592DD93DE0001F511B = {
						CreatedOnToolsVersion = 16.1;
					};
					CBE9126B2DD93DE1001F511B = {
						CreatedOnToolsVersion = 16.1;
						TestTargetID = CBE912592DD93DE0001F511B;
					};
					CBE912752DD93DE1001F511B = {
						CreatedOnToolsVersion = 16.1;
						TestTargetID = CBE912592DD93DE0001F511B;
					};
				};
			};
			buildConfigurationList = CBE912552DD93DE0001F511B /* Build configuration list for PBXProject "MuscleCheck" */;
			developmentRegion = en;
			hasScannedForEncodings = 0;
			knownRegions = (
				en,
				Base,
			);
			mainGroup = CBE912512DD93DE0001F511B;
			minimizedProjectReferenceProxies = 1;
			preferredProjectObjectVersion = 77;
			productRefGroup = CBE9125B2DD93DE0001F511B /* Products */;
			projectDirPath = "";
			projectRoot = "";
			targets = (
				CBE912592DD93DE0001F511B /* MuscleCheck */,
				CBE9126B2DD93DE1001F511B /* MuscleCheckTests */,
				CBE912752DD93DE1001F511B /* MuscleCheckUITests */,
			);
		};
/* End PBXProject section */

/* Begin PBXResourcesBuildPhase section */
		CBE912582DD93DE0001F511B /* Resources */ = {
			isa = PBXResourcesBuildPhase;
			buildActionMask = 2147483647;
			files = (
			);
			runOnlyForDeploymentPostprocessing = 0;
		};
		CBE9126A2DD93DE1001F511B /* Resources */ = {
			isa = PBXResourcesBuildPhase;
			buildActionMask = 2147483647;
			files = (
			);
			runOnlyForDeploymentPostprocessing = 0;
		};
		CBE912742DD93DE1001F511B /* Resources */ = {
			isa = PBXResourcesBuildPhase;
			buildActionMask = 2147483647;
			files = (
			);
			runOnlyForDeploymentPostprocessing = 0;
		};
/* End PBXResourcesBuildPhase section */

/* Begin PBXSourcesBuildPhase section */
		CBE912562DD93DE0001F511B /* Sources */ = {
			isa = PBXSourcesBuildPhase;
			buildActionMask = 2147483647;
			files = (
			);
			runOnlyForDeploymentPostprocessing = 0;
		};
		CBE912682DD93DE1001F511B /* Sources */ = {
			isa = PBXSourcesBuildPhase;
			buildActionMask = 2147483647;
			files = (
			);
			runOnlyForDeploymentPostprocessing = 0;
		};
		CBE912722DD93DE1001F511B /* Sources */ = {
			isa = PBXSourcesBuildPhase;
			buildActionMask = 2147483647;
			files = (
			);
			runOnlyForDeploymentPostprocessing = 0;
		};
/* End PBXSourcesBuildPhase section */

/* Begin PBXTargetDependency section */
		CBE9126E2DD93DE1001F511B /* PBXTargetDependency */ = {
			isa = PBXTargetDependency;
			target = CBE912592DD93DE0001F511B /* MuscleCheck */;
			targetProxy = CBE9126D2DD93DE1001F511B /* PBXContainerItemProxy */;
		};
		CBE912782DD93DE1001F511B /* PBXTargetDependency */ = {
			isa = PBXTargetDependency;
			target = CBE912592DD93DE0001F511B /* MuscleCheck */;
			targetProxy = CBE912772DD93DE1001F511B /* PBXContainerItemProxy */;
		};
/* End PBXTargetDependency section */

/* Begin XCBuildConfiguration section */
		CBE9127E2DD93DE1001F511B /* Debug */ = {
			isa = XCBuildConfiguration;
			buildSettings = {
				ALWAYS_SEARCH_USER_PATHS = NO;
				ASSETCATALOG_COMPILER_GENERATE_SWIFT_ASSET_SYMBOL_EXTENSIONS = YES;
				CLANG_ANALYZER_NONNULL = YES;
				CLANG_ANALYZER_NUMBER_OBJECT_CONVERSION = YES_AGGRESSIVE;
				CLANG_CXX_LANGUAGE_STANDARD = "gnu++20";
				CLANG_ENABLE_MODULES = YES;
				CLANG_ENABLE_OBJC_ARC = YES;
				CLANG_ENABLE_OBJC_WEAK = YES;
				CLANG_WARN_BLOCK_CAPTURE_AUTORELEASING = YES;
				CLANG_WARN_BOOL_CONVERSION = YES;
				CLANG_WARN_COMMA = YES;
				CLANG_WARN_CONSTANT_CONVERSION = YES;
				CLANG_WARN_DEPRECATED_OBJC_IMPLEMENTATIONS = YES;
				CLANG_WARN_DIRECT_OBJC_ISA_USAGE = YES_ERROR;
				CLANG_WARN_DOCUMENTATION_COMMENTS = YES;
				CLANG_WARN_EMPTY_BODY = YES;
				CLANG_WARN_ENUM_CONVERSION = YES;
				CLANG_WARN_INFINITE_RECURSION = YES;
				CLANG_WARN_INT_CONVERSION = YES;
				CLANG_WARN_NON_LITERAL_NULL_CONVERSION = YES;
				CLANG_WARN_OBJC_IMPLICIT_RETAIN_SELF = YES;
				CLANG_WARN_OBJC_LITERAL_CONVERSION = YES;
				CLANG_WARN_OBJC_ROOT_CLASS = YES_ERROR;
				CLANG_WARN_QUOTED_INCLUDE_IN_FRAMEWORK_HEADER = YES;
				CLANG_WARN_RANGE_LOOP_ANALYSIS = YES;
				CLANG_WARN_STRICT_PROTOTYPES = YES;
				CLANG_WARN_SUSPICIOUS_MOVE = YES;
				CLANG_WARN_UNGUARDED_AVAILABILITY = YES_AGGRESSIVE;
				CLANG_WARN_UNREACHABLE_CODE = YES;
				CLANG_WARN__DUPLICATE_METHOD_MATCH = YES;
				COPY_PHASE_STRIP = NO;
				DEBUG_INFORMATION_FORMAT = dwarf;
				ENABLE_STRICT_OBJC_MSGSEND = YES;
				ENABLE_TESTABILITY = YES;
				ENABLE_USER_SCRIPT_SANDBOXING = YES;
				GCC_C_LANGUAGE_STANDARD = gnu17;
				GCC_DYNAMIC_NO_PIC = NO;
				GCC_NO_COMMON_BLOCKS = YES;
				GCC_OPTIMIZATION_LEVEL = 0;
				GCC_PREPROCESSOR_DEFINITIONS = (
					"DEBUG=1",
					"$(inherited)",
				);
				GCC_WARN_64_TO_32_BIT_CONVERSION = YES;
				GCC_WARN_ABOUT_RETURN_TYPE = YES_ERROR;
				GCC_WARN_UNDECLARED_SELECTOR = YES;
				GCC_WARN_UNINITIALIZED_AUTOS = YES_AGGRESSIVE;
				GCC_WARN_UNUSED_FUNCTION = YES;
				GCC_WARN_UNUSED_VARIABLE = YES;
				IPHONEOS_DEPLOYMENT_TARGET = 18.1;
				LOCALIZATION_PREFERS_STRING_CATALOGS = YES;
				MTL_ENABLE_DEBUG_INFO = INCLUDE_SOURCE;
				MTL_FAST_MATH = YES;
				ONLY_ACTIVE_ARCH = YES;
				SDKROOT = iphoneos;
				SWIFT_ACTIVE_COMPILATION_CONDITIONS = "DEBUG $(inherited)";
				SWIFT_OPTIMIZATION_LEVEL = "-Onone";
			};
			name = Debug;
		};
		CBE9127F2DD93DE1001F511B /* Release */ = {
			isa = XCBuildConfiguration;
			buildSettings = {
				ALWAYS_SEARCH_USER_PATHS = NO;
				ASSETCATALOG_COMPILER_GENERATE_SWIFT_ASSET_SYMBOL_EXTENSIONS = YES;
				CLANG_ANALYZER_NONNULL = YES;
				CLANG_ANALYZER_NUMBER_OBJECT_CONVERSION = YES_AGGRESSIVE;
				CLANG_CXX_LANGUAGE_STANDARD = "gnu++20";
				CLANG_ENABLE_MODULES = YES;
				CLANG_ENABLE_OBJC_ARC = YES;
				CLANG_ENABLE_OBJC_WEAK = YES;
				CLANG_WARN_BLOCK_CAPTURE_AUTORELEASING = YES;
				CLANG_WARN_BOOL_CONVERSION = YES;
				CLANG_WARN_COMMA = YES;
				CLANG_WARN_CONSTANT_CONVERSION = YES;
				CLANG_WARN_DEPRECATED_OBJC_IMPLEMENTATIONS = YES;
				CLANG_WARN_DIRECT_OBJC_ISA_USAGE = YES_ERROR;
				CLANG_WARN_DOCUMENTATION_COMMENTS = YES;
				CLANG_WARN_EMPTY_BODY = YES;
				CLANG_WARN_ENUM_CONVERSION = YES;
				CLANG_WARN_INFINITE_RECURSION = YES;
				CLANG_WARN_INT_CONVERSION = YES;
				CLANG_WARN_NON_LITERAL_NULL_CONVERSION = YES;
				CLANG_WARN_OBJC_IMPLICIT_RETAIN_SELF = YES;
				CLANG_WARN_OBJC_LITERAL_CONVERSION = YES;
				CLANG_WARN_OBJC_ROOT_CLASS = YES_ERROR;
				CLANG_WARN_QUOTED_INCLUDE_IN_FRAMEWORK_HEADER = YES;
				CLANG_WARN_RANGE_LOOP_ANALYSIS = YES;
				CLANG_WARN_STRICT_PROTOTYPES = YES;
				CLANG_WARN_SUSPICIOUS_MOVE = YES;
				CLANG_WARN_UNGUARDED_AVAILABILITY = YES_AGGRESSIVE;
				CLANG_WARN_UNREACHABLE_CODE = YES;
				CLANG_WARN__DUPLICATE_METHOD_MATCH = YES;
				COPY_PHASE_STRIP = NO;
				DEBUG_INFORMATION_FORMAT = "dwarf-with-dsym";
				ENABLE_NS_ASSERTIONS = NO;
				ENABLE_STRICT_OBJC_MSGSEND = YES;
				ENABLE_USER_SCRIPT_SANDBOXING = YES;
				GCC_C_LANGUAGE_STANDARD = gnu17;
				GCC_NO_COMMON_BLOCKS = YES;
				GCC_WARN_64_TO_32_BIT_CONVERSION = YES;
				GCC_WARN_ABOUT_RETURN_TYPE = YES_ERROR;
				GCC_WARN_UNDECLARED_SELECTOR = YES;
				GCC_WARN_UNINITIALIZED_AUTOS = YES_AGGRESSIVE;
				GCC_WARN_UNUSED_FUNCTION = YES;
				GCC_WARN_UNUSED_VARIABLE = YES;
				IPHONEOS_DEPLOYMENT_TARGET = 18.1;
				LOCALIZATION_PREFERS_STRING_CATALOGS = YES;
				MTL_ENABLE_DEBUG_INFO = NO;
				MTL_FAST_MATH = YES;
				SDKROOT = iphoneos;
				SWIFT_COMPILATION_MODE = wholemodule;
				VALIDATE_PRODUCT = YES;
			};
			name = Release;
		};
		CBE912812DD93DE1001F511B /* Debug */ = {
			isa = XCBuildConfiguration;
			buildSettings = {
				ASSETCATALOG_COMPILER_APPICON_NAME = AppIcon;
				ASSETCATALOG_COMPILER_GLOBAL_ACCENT_COLOR_NAME = AccentColor;
				CODE_SIGN_STYLE = Automatic;
				CURRENT_PROJECT_VERSION = 1;
				DEVELOPMENT_ASSET_PATHS = "\"MuscleCheck/Preview Content\"";
				DEVELOPMENT_TEAM = 5CB8537JK6;
				ENABLE_PREVIEWS = YES;
				GENERATE_INFOPLIST_FILE = YES;
				INFOPLIST_KEY_UIApplicationSceneManifest_Generation = YES;
				INFOPLIST_KEY_UIApplicationSupportsIndirectInputEvents = YES;
				INFOPLIST_KEY_UILaunchScreen_Generation = YES;
				INFOPLIST_KEY_UISupportedInterfaceOrientations_iPad = "UIInterfaceOrientationPortrait UIInterfaceOrientationPortraitUpsideDown UIInterfaceOrientationLandscapeLeft UIInterfaceOrientationLandscapeRight";
				INFOPLIST_KEY_UISupportedInterfaceOrientations_iPhone = "UIInterfaceOrientationPortrait UIInterfaceOrientationLandscapeLeft UIInterfaceOrientationLandscapeRight";
				LD_RUNPATH_SEARCH_PATHS = (
					"$(inherited)",
					"@executable_path/Frameworks",
				);
				MARKETING_VERSION = 1.0;
				PRODUCT_BUNDLE_IDENTIFIER = com.muscleCheck.com.MuscleCheck;
				PRODUCT_NAME = "$(TARGET_NAME)";
				SWIFT_EMIT_LOC_STRINGS = YES;
				SWIFT_VERSION = 5.0;
				TARGETED_DEVICE_FAMILY = "1,2";
			};
			name = Debug;
		};
		CBE912822DD93DE1001F511B /* Release */ = {
			isa = XCBuildConfiguration;
			buildSettings = {
				ASSETCATALOG_COMPILER_APPICON_NAME = AppIcon;
				ASSETCATALOG_COMPILER_GLOBAL_ACCENT_COLOR_NAME = AccentColor;
				CODE_SIGN_STYLE = Automatic;
				CURRENT_PROJECT_VERSION = 1;
				DEVELOPMENT_ASSET_PATHS = "\"MuscleCheck/Preview Content\"";
				DEVELOPMENT_TEAM = 5CB8537JK6;
				ENABLE_PREVIEWS = YES;
				GENERATE_INFOPLIST_FILE = YES;
				INFOPLIST_KEY_UIApplicationSceneManifest_Generation = YES;
				INFOPLIST_KEY_UIApplicationSupportsIndirectInputEvents = YES;
				INFOPLIST_KEY_UILaunchScreen_Generation = YES;
				INFOPLIST_KEY_UISupportedInterfaceOrientations_iPad = "UIInterfaceOrientationPortrait UIInterfaceOrientationPortraitUpsideDown UIInterfaceOrientationLandscapeLeft UIInterfaceOrientationLandscapeRight";
				INFOPLIST_KEY_UISupportedInterfaceOrientations_iPhone = "UIInterfaceOrientationPortrait UIInterfaceOrientationLandscapeLeft UIInterfaceOrientationLandscapeRight";
				LD_RUNPATH_SEARCH_PATHS = (
					"$(inherited)",
					"@executable_path/Frameworks",
				);
				MARKETING_VERSION = 1.0;
				PRODUCT_BUNDLE_IDENTIFIER = com.muscleCheck.com.MuscleCheck;
				PRODUCT_NAME = "$(TARGET_NAME)";
				SWIFT_EMIT_LOC_STRINGS = YES;
				SWIFT_VERSION = 5.0;
				TARGETED_DEVICE_FAMILY = "1,2";
			};
			name = Release;
		};
		CBE912842DD93DE1001F511B /* Debug */ = {
			isa = XCBuildConfiguration;
			buildSettings = {
				BUNDLE_LOADER = "$(TEST_HOST)";
				CODE_SIGN_STYLE = Automatic;
				CURRENT_PROJECT_VERSION = 1;
				DEVELOPMENT_TEAM = 5CB8537JK6;
				GENERATE_INFOPLIST_FILE = YES;
				IPHONEOS_DEPLOYMENT_TARGET = 18.1;
				MARKETING_VERSION = 1.0;
				PRODUCT_BUNDLE_IDENTIFIER = com.muscleCheck.com.MuscleCheckTests;
				PRODUCT_NAME = "$(TARGET_NAME)";
				SWIFT_EMIT_LOC_STRINGS = NO;
				SWIFT_VERSION = 5.0;
				TARGETED_DEVICE_FAMILY = "1,2";
				TEST_HOST = "$(BUILT_PRODUCTS_DIR)/MuscleCheck.app/$(BUNDLE_EXECUTABLE_FOLDER_PATH)/MuscleCheck";
			};
			name = Debug;
		};
		CBE912852DD93DE1001F511B /* Release */ = {
			isa = XCBuildConfiguration;
			buildSettings = {
				BUNDLE_LOADER = "$(TEST_HOST)";
				CODE_SIGN_STYLE = Automatic;
				CURRENT_PROJECT_VERSION = 1;
				DEVELOPMENT_TEAM = 5CB8537JK6;
				GENERATE_INFOPLIST_FILE = YES;
				IPHONEOS_DEPLOYMENT_TARGET = 18.1;
				MARKETING_VERSION = 1.0;
				PRODUCT_BUNDLE_IDENTIFIER = com.muscleCheck.com.MuscleCheckTests;
				PRODUCT_NAME = "$(TARGET_NAME)";
				SWIFT_EMIT_LOC_STRINGS = NO;
				SWIFT_VERSION = 5.0;
				TARGETED_DEVICE_FAMILY = "1,2";
				TEST_HOST = "$(BUILT_PRODUCTS_DIR)/MuscleCheck.app/$(BUNDLE_EXECUTABLE_FOLDER_PATH)/MuscleCheck";
			};
			name = Release;
		};
		CBE912872DD93DE1001F511B /* Debug */ = {
			isa = XCBuildConfiguration;
			buildSettings = {
				CODE_SIGN_STYLE = Automatic;
				CURRENT_PROJECT_VERSION = 1;
				DEVELOPMENT_TEAM = 5CB8537JK6;
				GENERATE_INFOPLIST_FILE = YES;
				MARKETING_VERSION = 1.0;
				PRODUCT_BUNDLE_IDENTIFIER = com.muscleCheck.com.MuscleCheckUITests;
				PRODUCT_NAME = "$(TARGET_NAME)";
				SWIFT_EMIT_LOC_STRINGS = NO;
				SWIFT_VERSION = 5.0;
				TARGETED_DEVICE_FAMILY = "1,2";
				TEST_TARGET_NAME = MuscleCheck;
			};
			name = Debug;
		};
		CBE912882DD93DE1001F511B /* Release */ = {
			isa = XCBuildConfiguration;
			buildSettings = {
				CODE_SIGN_STYLE = Automatic;
				CURRENT_PROJECT_VERSION = 1;
				DEVELOPMENT_TEAM = 5CB8537JK6;
				GENERATE_INFOPLIST_FILE = YES;
				MARKETING_VERSION = 1.0;
				PRODUCT_BUNDLE_IDENTIFIER = com.muscleCheck.com.MuscleCheckUITests;
				PRODUCT_NAME = "$(TARGET_NAME)";
				SWIFT_EMIT_LOC_STRINGS = NO;
				SWIFT_VERSION = 5.0;
				TARGETED_DEVICE_FAMILY = "1,2";
				TEST_TARGET_NAME = MuscleCheck;
			};
			name = Release;
		};
/* End XCBuildConfiguration section */

/* Begin XCConfigurationList section */
		CBE912552DD93DE0001F511B /* Build configuration list for PBXProject "MuscleCheck" */ = {
			isa = XCConfigurationList;
			buildConfigurations = (
				CBE9127E2DD93DE1001F511B /* Debug */,
				CBE9127F2DD93DE1001F511B /* Release */,
			);
			defaultConfigurationIsVisible = 0;
			defaultConfigurationName = Release;
		};
		CBE912802DD93DE1001F511B /* Build configuration list for PBXNativeTarget "MuscleCheck" */ = {
			isa = XCConfigurationList;
			buildConfigurations = (
				CBE912812DD93DE1001F511B /* Debug */,
				CBE912822DD93DE1001F511B /* Release */,
			);
			defaultConfigurationIsVisible = 0;
			defaultConfigurationName = Release;
		};
		CBE912832DD93DE1001F511B /* Build configuration list for PBXNativeTarget "MuscleCheckTests" */ = {
			isa = XCConfigurationList;
			buildConfigurations = (
				CBE912842DD93DE1001F511B /* Debug */,
				CBE912852DD93DE1001F511B /* Release */,
			);
			defaultConfigurationIsVisible = 0;
			defaultConfigurationName = Release;
		};
		CBE912862DD93DE1001F511B /* Build configuration list for PBXNativeTarget "MuscleCheckUITests" */ = {
			isa = XCConfigurationList;
			buildConfigurations = (
				CBE912872DD93DE1001F511B /* Debug */,
				CBE912882DD93DE1001F511B /* Release */,
			);
			defaultConfigurationIsVisible = 0;
			defaultConfigurationName = Release;
		};
/* End XCConfigurationList section */
	};
	rootObject = CBE912522DD93DE0001F511B /* Project object */;
}
